{
  "requires": true,
  "lockfileVersion": 1,
  "dependencies": {
    "react-video-cover": {
      "version": "1.2.0",
      "resolved": "https://registry.npmjs.org/react-video-cover/-/react-video-cover-1.2.0.tgz",
      "integrity": "sha512-bMT6jITNmSUqybfGs1sFH90MAULjyf5diybvHDLR7Io/PIgi3/zhsaqMTEvsPc69IjE1RjV0lAfRy1j0TjUR6Q=="
    }
  }
}
